version = 1
revision = 3
requires-python = ">=3.10"

[[package]]
name = "immutabledict"
version = "4.3.1"
source = { registry = "https://pypi.org/simple" }
sdist = { url = "https://files.pythonhosted.org/packages/1d/e6/718471048fea0366c3e3d1df3acfd914ca66d571cdffcf6d37bbcd725708/immutabledict-4.3.1.tar.gz", hash = "sha256:f844a669106cfdc73f47b1a9da003782fb17dc955a54c80972e0d93d1c63c514", size = 7806, upload-time = "2026-02-15T10:32:34.668Z" }
wheels = [
    { url = "https://files.pythonhosted.org/packages/a3/ce/f9018bf69ae91b273b6391a095e7c93fa5e1617f25b6ba81ad4b20c9df10/immutabledict-4.3.1-py3-none-any.whl", hash = "sha256:c9facdc0ff30fdb8e35bd16532026cac472a549e182c94fa201b51b25e4bf7bf", size = 5000, upload-time = "2026-02-15T10:32:33.672Z" },
]

[[package]]
name = "ops-mlir"
version = "0.1.0"
source = { virtual = "." }
dependencies = [
    { name = "xdsl" },
]

[package.metadata]
requires-dist = [{ name = "xdsl", directory = "xdsl" }]

[[package]]
name = "ordered-set"
version = "4.1.0"
source = { registry = "https://pypi.org/simple" }
sdist = { url = "https://files.pythonhosted.org/packages/4c/ca/bfac8bc689799bcca4157e0e0ced07e70ce125193fc2e166d2e685b7e2fe/ordered-set-4.1.0.tar.gz", hash = "sha256:694a8e44c87657c59292ede72891eb91d34131f6531463aab3009191c77364a8", size = 12826, upload-time = "2022-01-26T14:38:56.6Z" }
wheels = [
    { url = "https://files.pythonhosted.org/packages/33/55/af02708f230eb77084a299d7b08175cff006dea4f2721074b92cdb0296c0/ordered_set-4.1.0-py3-none-any.whl", hash = "sha256:046e1132c71fcf3330438a539928932caf51ddbc582496833e23de611de14562", size = 7634, upload-time = "2022-01-26T14:38:48.677Z" },
]

[[package]]
name = "typing-extensions"
version = "4.16.0"
source = { registry = "https://pypi.org/simple" }
sdist = { url = "https://files.pythonhosted.org/packages/f6/cc/6253133b5bb138fc3306cebfbda2c520f545d36b5be2c7255cc528bb45d6/typing_extensions-4.16.0.tar.gz", hash = "sha256:dc983d19a509c94dba722ee6abd33940f7c05a89e243c47e907eb4db6f1a43e5", size = 113555, upload-time = "2026-07-02T08:40:05.92Z" }
wheels = [
    { url = "https://files.pythonhosted.org/packages/49/d3/b8441a820a491ddfc024b0b0cf0393375b75ea13866d9c66727e54c2fc80/typing_extensions-4.16.0-py3-none-any.whl", hash = "sha256:481caa481374e813c1b176ada14e97f1f67a4539ce9cfeb3f350d78d6370c2e8", size = 45571, upload-time = "2026-07-02T08:40:04.659Z" },
]

[[package]]
name = "xdsl"
source = { directory = "xdsl" }
dependencies = [
    { name = "immutabledict" },
    { name = "ordered-set" },
    { name = "typing-extensions" },
]

[package.metadata]
requires-dist = [
    { name = "coverage", marker = "extra == 'dev'", specifier = "<8.0.0" },
    { name = "filecheck", marker = "extra == 'dev'", specifier = "==1.0.3" },
    { name = "immutabledict", specifier = "<4.3.2" },
    { name = "ipykernel", marker = "extra == 'dev'" },
    { name = "lit", marker = "extra == 'dev'", specifier = "<19.0.0" },
    { name = "llvmlite", marker = "extra == 'llvm'", specifier = "~=0.46.0" },
    { name = "marimo", marker = "extra == 'dev'", specifier = ">=0.21,<0.22" },
    { name = "nbconvert", marker = "extra == 'dev'", specifier = ">=7.7.2,<8.0.0" },
    { name = "nbval", marker = "extra == 'dev'", specifier = "<0.12" },
    { name = "ordered-set", specifier = "==4.1.0" },
    { name = "prek", marker = "extra == 'dev'", specifier = "~=0.3.1" },
    { name = "pyclip", marker = "extra == 'gui'", specifier = "==0.7" },
    { name = "pyright", marker = "extra == 'dev'", specifier = "==1.1.408" },
    { name = "pytest", marker = "extra == 'dev'", specifier = "<9.1" },
    { name = "pytest-asyncio", marker = "extra == 'dev'", specifier = "==1.3.0" },
    { name = "pytest-cov", marker = "extra == 'dev'" },
    { name = "ruff", marker = "extra == 'dev'", specifier = "==0.15.7" },
    { name = "sympy", marker = "extra == 'dev'", specifier = "==1.14.0" },
    { name = "textual", marker = "extra == 'gui'", specifier = ">=8,<9" },
    { name = "textual-dev", marker = "extra == 'dev'", specifier = "==1.8.0" },
    { name = "toml", marker = "extra == 'dev'", specifier = "<0.11" },
    { name = "typing-extensions", specifier = ">=4.7,<5" },
]
provides-extras = ["dev", "gui", "llvm"]

[package.metadata.requires-dev]
bench = [
    { name = "asv", specifier = ">=0.6.4" },
    { name = "bytesight", git = "https://github.com/EdmundGoodman/bytesight.git?rev=e8e8e45ec34316fdc99ee09ea8886c4f63c248be" },
    { name = "flameprof", specifier = ">=0.4" },
    { name = "orjson", specifier = ">=3.10.15" },
    { name = "pyinstrument", specifier = ">=5.0.1" },
    { name = "snakeviz", specifier = ">=2.2.2" },
    { name = "viztracer", specifier = ">=1.0.1" },
]
dev = [
    { name = "my-plugin", editable = "xdsl/tests/my_plugin" },
    { name = "xdsl", extras = ["dev", "gui", "llvm"] },
]
docs = [
    { name = "lzstring2", git = "https://github.com/superlopuh/lz-string.git" },
    { name = "micropip", specifier = ">=0.7" },
    { name = "mkdocs", specifier = ">=1.6.1" },
    { name = "mkdocs-awesome-nav", specifier = ">=3.1.2" },
    { name = "mkdocs-gen-files", specifier = ">=0.5.0" },
    { name = "mkdocs-marimo", specifier = ">=0.2.1" },
    { name = "mkdocs-material", specifier = ">=9.5.49" },
    { name = "mkdocs-simple-hooks", specifier = ">=0.1.5" },
    { name = "mkdocstrings", extras = ["python"], specifier = ">=0.27.0" },
    { name = "pymdown-extensions", specifier = ">=10.7" },
    { name = "riscemu", specifier = "==2.2.7" },
]
